
Microsoft Visual Studio Solution File, Format Version 12.00
# Visual Studio Version 17
VisualStudioVersion = 17.3.32825.248
MinimumVisualStudioVersion = 10.0.40219.1
Project("{FAE04EC0-301F-11D3-BF4B-00C04F79EFBC}") = "Day3", "Day3\Day3.csproj", "{5A40040C-AA30-443E-A6FC-4D0455B4FA0E}"
EndProject
Global
	GlobalSection(SolutionConfigurationPlatforms) = preSolution
		Debug|Any CPU = Debug|Any CPU
		Release|Any CPU = Release|Any CPU
	EndGlobalSection
	GlobalSection(ProjectConfigurationPlatforms) = postSolution
		{5A40040C-AA30-443E-A6FC-4D0455B4FA0E}.Debug|Any CPU.ActiveCfg = Debug|Any CPU
		{5A40040C-AA30-443E-A6FC-4D0455B4FA0E}.Debug|Any CPU.Build.0 = Debug|Any CPU
		{5A40040C-AA30-443E-A6FC-4D0455B4FA0E}.Release|Any CPU.ActiveCfg = Release|Any CPU
		{5A40040C-AA30-443E-A6FC-4D0455B4FA0E}.Release|Any CPU.Build.0 = Release|Any CPU
	EndGlobalSection
	GlobalSection(SolutionProperties) = preSolution
		HideSolutionNode = FALSE
	EndGlobalSection
	GlobalSection(ExtensibilityGlobals) = postSolution
		SolutionGuid = {B8E2FC1D-806F-4799-AA62-F16D33CC39EA}
	EndGlobalSection
EndGlobal
